
Microsoft Visual Studio Solution File, Format Version 12.00
# Visual Studio Version 17
VisualStudioVersion = 17.0.31314.256
MinimumVisualStudioVersion = 10.0.40219.1
Project("{2150E333-8FDC-42A3-9474-1A3956D46DE8}") = "Automation", "Automation", "{0BFBE63A-B98A-3411-8EEB-8918FEC737B3}"
EndProject
Project("{2150E333-8FDC-42A3-9474-1A3956D46DE8}") = "Engine", "Engine", "{233774A8-CC9D-3FA9-86D1-90573E92B704}"
EndProject
Project("{2150E333-8FDC-42A3-9474-1A3956D46DE8}") = "Games", "Games", "{DE1F8B53-6C02-3C13-9101-A7C8D96F3FF6}"
EndProject
Project("{2150E333-8FDC-42A3-9474-1A3956D46DE8}") = "Programs", "Programs", "{A338B9E2-A559-34BE-A46D-F789DD488FAD}"
EndProject
Project("{2150E333-8FDC-42A3-9474-1A3956D46DE8}") = "Rules", "Rules", "{C2F57ECE-B26F-39D8-BDA7-C1D40BD8F180}"
EndProject
Project("{2150E333-8FDC-42A3-9474-1A3956D46DE8}") = "Shared", "Shared", "{57713676-9DBE-331C-AD10-26632AC9EE0C}"
EndProject
Project("{2150E333-8FDC-42A3-9474-1A3956D46DE8}") = "UnrealBuildTool.Plugins", "UnrealBuildTool.Plugins", "{7B5CFB44-F0FB-31DF-AE62-C3C096A29A7B}"
EndProject
Project("{8BC9CEB8-8B4A-11D0-8D11-00A0C91BC942}") = "UE5", "Intermediate\ProjectFiles\UE5.vcxproj", "{E5D0C739-CD64-3882-8939-3D862194A8C3}"
EndProject
Project("{8BC9CEB8-8B4A-11D0-8D11-00A0C91BC942}") = "XYZ_GameJam_Project", "Intermediate\ProjectFiles\XYZ_GameJam_Project.vcxproj", "{2C9C7FC0-CBAD-321F-B705-2FFCA31E4CCD}"
	ProjectSection(ProjectDependencies) = postProject
		{49FCA5DC-5954-3F1A-A654-EA8F13171D50} = {49FCA5DC-5954-3F1A-A654-EA8F13171D50}
	EndProjectSection
EndProject
Project("{FAE04EC0-301F-11D3-BF4B-00C04F79EFBC}") = "UnrealBuildTool", "D:\games\UE_5.3\Engine\Source\Programs\UnrealBuildTool\UnrealBuildTool.csproj", "{49FCA5DC-5954-3F1A-A654-EA8F13171D50}"
EndProject
Project("{FAE04EC0-301F-11D3-BF4B-00C04F79EFBC}") = "AutomationTool", "D:\games\UE_5.3\Engine\Source\Programs\AutomationTool\AutomationTool.csproj", "{452B09CA-B258-33F1-A267-2448B21C959A}"
EndProject
Project("{FAE04EC0-301F-11D3-BF4B-00C04F79EFBC}") = "Android.Automation", "D:\games\UE_5.3\Engine\Source\Programs\AutomationTool\Android\Android.Automation.csproj", "{2AA10BE0-5423-3714-ADB7-0B3FE0678971}"
EndProject
Project("{FAE04EC0-301F-11D3-BF4B-00C04F79EFBC}") = "Apple.Automation", "D:\games\UE_5.3\Engine\Source\Programs\AutomationTool\Apple\Apple.Automation.csproj", "{9AFBF415-6CC6-35C1-A1A3-AA71BE4646CD}"
EndProject
Project("{FAE04EC0-301F-11D3-BF4B-00C04F79EFBC}") = "AutomationUtils.Automation", "D:\games\UE_5.3\Engine\Source\Programs\AutomationTool\AutomationUtils\AutomationUtils.Automation.csproj", "{C2563430-E13F-3644-9272-4A7AF57D9137}"
EndProject
Project("{FAE04EC0-301F-11D3-BF4B-00C04F79EFBC}") = "BuildGraph.Automation", "D:\games\UE_5.3\Engine\Source\Programs\AutomationTool\BuildGraph\BuildGraph.Automation.csproj", "{7235582D-CD31-37D8-B7B1-87E213956335}"
EndProject
Project("{FAE04EC0-301F-11D3-BF4B-00C04F79EFBC}") = "CookedEditor.Automation", "D:\games\UE_5.3\Engine\Source\Programs\AutomationTool\CookedEditor\CookedEditor.Automation.csproj", "{0BA28ED5-01D6-3DFF-AFA2-156B81E28017}"
EndProject
Project("{FAE04EC0-301F-11D3-BF4B-00C04F79EFBC}") = "CrowdinLocalization.Automation", "D:\games\UE_5.3\Engine\Source\Programs\AutomationTool\CrowdinLocalization\CrowdinLocalization.Automation.csproj", "{56DD4D50-40EC-3122-A21E-9FAC542DB77A}"
EndProject
Project("{FAE04EC0-301F-11D3-BF4B-00C04F79EFBC}") = "Gauntlet.Automation", "D:\games\UE_5.3\Engine\Source\Programs\AutomationTool\Gauntlet\Gauntlet.Automation.csproj", "{3416CD44-BA33-36F1-BE64-06040ABC1AA6}"
EndProject
Project("{FAE04EC0-301F-11D3-BF4B-00C04F79EFBC}") = "IOS.Automation", "D:\games\UE_5.3\Engine\Source\Programs\AutomationTool\IOS\IOS.Automation.csproj", "{CB5DED66-DB5F-3BBB-99EA-9317DD6530D1}"
EndProject
Project("{FAE04EC0-301F-11D3-BF4B-00C04F79EFBC}") = "Linux.Automation", "D:\games\UE_5.3\Engine\Source\Programs\AutomationTool\Linux\Linux.Automation.csproj", "{3753612C-2A8D-3C9F-BFB3-CFC697D32258}"
EndProject
Project("{FAE04EC0-301F-11D3-BF4B-00C04F79EFBC}") = "Localization.Automation", "D:\games\UE_5.3\Engine\Source\Programs\AutomationTool\Localization\Localization.Automation.csproj", "{27AF9E4B-1E07-3AE2-9F02-1834360C4D08}"
EndProject
Project("{FAE04EC0-301F-11D3-BF4B-00C04F79EFBC}") = "LowLevelTests.Automation", "D:\games\UE_5.3\Engine\Source\Programs\AutomationTool\LowLevelTests\LowLevelTests.Automation.csproj", "{14974064-87D4-3227-B02B-0C644B639AD0}"
EndProject
Project("{FAE04EC0-301F-11D3-BF4B-00C04F79EFBC}") = "Mac.Automation", "D:\games\UE_5.3\Engine\Source\Programs\AutomationTool\Mac\Mac.Automation.csproj", "{2DD0950A-8955-34B9-B205-A7AE45128A33}"
EndProject
Project("{FAE04EC0-301F-11D3-BF4B-00C04F79EFBC}") = "OneSkyLocalization.Automation", "D:\games\UE_5.3\Engine\Source\Programs\AutomationTool\OneSkyLocalization\OneSkyLocalization.Automation.csproj", "{69825DF3-70BA-36D2-8AAE-EDD7328B080A}"
EndProject
Project("{FAE04EC0-301F-11D3-BF4B-00C04F79EFBC}") = "AutomationScripts.Automation", "D:\games\UE_5.3\Engine\Source\Programs\AutomationTool\Scripts\AutomationScripts.Automation.csproj", "{391AFA6D-576F-3760-ADD4-B358EFF8BB33}"
EndProject
Project("{FAE04EC0-301F-11D3-BF4B-00C04F79EFBC}") = "SmartlingLocalization.Automation", "D:\games\UE_5.3\Engine\Source\Programs\AutomationTool\SmartlingLocalization\SmartlingLocalization.Automation.csproj", "{C08BBDB7-1BEB-347E-A88D-AD134D211B50}"
EndProject
Project("{FAE04EC0-301F-11D3-BF4B-00C04F79EFBC}") = "SteamDeck.Automation", "D:\games\UE_5.3\Engine\Source\Programs\AutomationTool\SteamDeck\SteamDeck.Automation.csproj", "{6D09FB0F-9570-3208-978D-2BD1AEDE08D2}"
EndProject
Project("{FAE04EC0-301F-11D3-BF4B-00C04F79EFBC}") = "TVOS.Automation", "D:\games\UE_5.3\Engine\Source\Programs\AutomationTool\TVOS\TVOS.Automation.csproj", "{BB6CCA2B-C23F-3BFD-B5EE-8C8BD01653D6}"
EndProject
Project("{FAE04EC0-301F-11D3-BF4B-00C04F79EFBC}") = "Turnkey.Automation", "D:\games\UE_5.3\Engine\Source\Programs\AutomationTool\Turnkey\Turnkey.Automation.csproj", "{712EA91C-F373-35CA-9663-6CB2D7F4D683}"
EndProject
Project("{FAE04EC0-301F-11D3-BF4B-00C04F79EFBC}") = "Win.Automation", "D:\games\UE_5.3\Engine\Source\Programs\AutomationTool\Win\Win.Automation.csproj", "{29942DE1-3571-3FAD-AA59-6208CC6B2550}"
EndProject
Project("{FAE04EC0-301F-11D3-BF4B-00C04F79EFBC}") = "XLocLocalization.Automation", "D:\games\UE_5.3\Engine\Source\Programs\AutomationTool\XLocLocalization\XLocLocalization.Automation.csproj", "{57A793C1-DF39-310F-8B17-D2130AC0D2AB}"
EndProject
Project("{FAE04EC0-301F-11D3-BF4B-00C04F79EFBC}") = "ScriptGeneratorUbtPlugin.ubtplugin", "D:\games\UE_5.3\Engine\Plugins\ScriptPlugin\Source\ScriptGeneratorUbtPlugin\ScriptGeneratorUbtPlugin.ubtplugin.csproj", "{CD556EF4-8DCA-3C83-AD20-021935535838}"
EndProject
Project("{FAE04EC0-301F-11D3-BF4B-00C04F79EFBC}") = "EpicGames.AspNet", "D:\games\UE_5.3\Engine\Source\Programs\Shared\EpicGames.AspNet\EpicGames.AspNet.csproj", "{1DCC1060-B8E7-3CB4-9265-266E951A60D0}"
EndProject
Project("{FAE04EC0-301F-11D3-BF4B-00C04F79EFBC}") = "EpicGames.Box", "D:\games\UE_5.3\Engine\Source\Programs\Shared\EpicGames.Box\EpicGames.Box.csproj", "{D0ACD13D-230B-37D0-A344-BC6E10625DC5}"
EndProject
Project("{FAE04EC0-301F-11D3-BF4B-00C04F79EFBC}") = "EpicGames.Build", "D:\games\UE_5.3\Engine\Source\Programs\Shared\EpicGames.Build\EpicGames.Build.csproj", "{A7906ED5-F90C-3B8A-8246-1E7405138165}"
EndProject
Project("{FAE04EC0-301F-11D3-BF4B-00C04F79EFBC}") = "EpicGames.BuildGraph", "D:\games\UE_5.3\Engine\Source\Programs\Shared\EpicGames.BuildGraph\EpicGames.BuildGraph.csproj", "{77C993B2-40D7-3F78-B892-55CAB0B9BA8D}"
EndProject
Project("{FAE04EC0-301F-11D3-BF4B-00C04F79EFBC}") = "EpicGames.Core", "D:\games\UE_5.3\Engine\Source\Programs\Shared\EpicGames.Core\EpicGames.Core.csproj", "{68D35159-F61A-3A3E-BED1-8829E2EA11E7}"
EndProject
Project("{FAE04EC0-301F-11D3-BF4B-00C04F79EFBC}") = "EpicGames.Horde", "D:\games\UE_5.3\Engine\Source\Programs\Shared\EpicGames.Horde\EpicGames.Horde.csproj", "{17D95289-1743-3B9E-9045-3F2F9E00278C}"
EndProject
Project("{FAE04EC0-301F-11D3-BF4B-00C04F79EFBC}") = "EpicGames.IoHash", "D:\games\UE_5.3\Engine\Source\Programs\Shared\EpicGames.IoHash\EpicGames.IoHash.csproj", "{04C2B4E2-0947-3036-8FA7-436C877CE958}"
EndProject
Project("{FAE04EC0-301F-11D3-BF4B-00C04F79EFBC}") = "EpicGames.Jupiter", "D:\games\UE_5.3\Engine\Source\Programs\Shared\EpicGames.Jupiter\EpicGames.Jupiter.csproj", "{4EF88D03-12BE-3B95-90C2-0130A6AF1259}"
EndProject
Project("{FAE04EC0-301F-11D3-BF4B-00C04F79EFBC}") = "EpicGames.MongoDB", "D:\games\UE_5.3\Engine\Source\Programs\Shared\EpicGames.MongoDB\EpicGames.MongoDB.csproj", "{4518E14B-AE2C-3CBD-ADC9-18025567B9F3}"
EndProject
Project("{FAE04EC0-301F-11D3-BF4B-00C04F79EFBC}") = "EpicGames.MsBuild", "D:\games\UE_5.3\Engine\Source\Programs\Shared\EpicGames.MsBuild\EpicGames.MsBuild.csproj", "{000B7A84-78C7-35C9-B377-C185AA471A31}"
EndProject
Project("{FAE04EC0-301F-11D3-BF4B-00C04F79EFBC}") = "EpicGames.OIDC", "D:\games\UE_5.3\Engine\Source\Programs\Shared\EpicGames.OIDC\EpicGames.OIDC.csproj", "{A065525D-5C9F-30B2-B0DF-6572177B8F93}"
EndProject
Project("{FAE04EC0-301F-11D3-BF4B-00C04F79EFBC}") = "EpicGames.Oodle", "D:\games\UE_5.3\Engine\Source\Programs\Shared\EpicGames.Oodle\EpicGames.Oodle.csproj", "{A163730D-0CF2-3076-96E7-08011EE00FEE}"
EndProject
Project("{FAE04EC0-301F-11D3-BF4B-00C04F79EFBC}") = "EpicGames.Perforce", "D:\games\UE_5.3\Engine\Source\Programs\Shared\EpicGames.Perforce\EpicGames.Perforce.csproj", "{E67814E3-697B-3D25-A438-02B4599FA7F9}"
EndProject
Project("{FAE04EC0-301F-11D3-BF4B-00C04F79EFBC}") = "EpicGames.Perforce.Fixture", "D:\games\UE_5.3\Engine\Source\Programs\Shared\EpicGames.Perforce.Fixture\EpicGames.Perforce.Fixture.csproj", "{5B6E3B3F-17E9-3480-82B2-8837230C602C}"
EndProject
Project("{FAE04EC0-301F-11D3-BF4B-00C04F79EFBC}") = "EpicGames.Perforce.Managed", "D:\games\UE_5.3\Engine\Source\Programs\Shared\EpicGames.Perforce.Managed\EpicGames.Perforce.Managed.csproj", "{CF3972BA-583A-3131-8998-41924F261397}"
EndProject
Project("{FAE04EC0-301F-11D3-BF4B-00C04F79EFBC}") = "EpicGames.Redis", "D:\games\UE_5.3\Engine\Source\Programs\Shared\EpicGames.Redis\EpicGames.Redis.csproj", "{B8EA73CC-5469-3C5A-B162-AA9A15AD1322}"
EndProject
Project("{FAE04EC0-301F-11D3-BF4B-00C04F79EFBC}") = "EpicGames.Serialization", "D:\games\UE_5.3\Engine\Source\Programs\Shared\EpicGames.Serialization\EpicGames.Serialization.csproj", "{0A4FF6B8-0264-385D-A508-3FB4217660AE}"
EndProject
Project("{FAE04EC0-301F-11D3-BF4B-00C04F79EFBC}") = "EpicGames.Slack", "D:\games\UE_5.3\Engine\Source\Programs\Shared\EpicGames.Slack\EpicGames.Slack.csproj", "{CAA52873-DEF8-381B-A9A9-508A951363DA}"
EndProject
Project("{FAE04EC0-301F-11D3-BF4B-00C04F79EFBC}") = "EpicGames.Tracing", "D:\games\UE_5.3\Engine\Source\Programs\Shared\EpicGames.Tracing\EpicGames.Tracing.csproj", "{95117383-9A37-3B70-933A-3B7023378AE8}"
EndProject
Project("{FAE04EC0-301F-11D3-BF4B-00C04F79EFBC}") = "EpicGames.UHT", "D:\games\UE_5.3\Engine\Source\Programs\Shared\EpicGames.UHT\EpicGames.UHT.csproj", "{B8836B46-B0A6-348E-A3CE-E21BEAD0A261}"
EndProject
Project("{FAE04EC0-301F-11D3-BF4B-00C04F79EFBC}") = "UE5ProgramRules", "D:\games\UE_5.3\Engine\Intermediate\Build\BuildRulesProjects\UE5ProgramRules\UE5ProgramRules.csproj", "{AAF00307-156F-3AE7-9A36-D273BE34C30F}"
EndProject
Project("{FAE04EC0-301F-11D3-BF4B-00C04F79EFBC}") = "UE5Rules", "D:\games\UE_5.3\Engine\Intermediate\Build\BuildRulesProjects\UE5Rules\UE5Rules.csproj", "{39F38B25-80D3-3DA6-B5F8-A2DE224B412A}"
EndProject
Project("{FAE04EC0-301F-11D3-BF4B-00C04F79EFBC}") = "XYZ_GameJam_ProjectModuleRules", "Intermediate\Build\BuildRulesProjects\XYZ_GameJam_ProjectModuleRules\XYZ_GameJam_ProjectModuleRules.csproj", "{B3D5080B-7611-3D75-8726-AA58BAAC480F}"
EndProject
Project("{2150E333-8FDC-42A3-9474-1A3956D46DE8}") = "Visualizers", "Visualizers", "{1CCEC849-CC72-4C59-8C36-2F7C38706D4C}"
	ProjectSection(SolutionItems) = preProject
		D:\games\UE_5.3\Engine\Extras\VisualStudioDebugging\Unreal.natvis = D:\games\UE_5.3\Engine\Extras\VisualStudioDebugging\Unreal.natvis
		D:\games\UE_5.3\Engine\Extras\VisualStudioDebugging\Unreal.natstepfilter = D:\games\UE_5.3\Engine\Extras\VisualStudioDebugging\Unreal.natstepfilter
	EndProjectSection
EndProject
Global
	GlobalSection(SolutionConfigurationPlatforms) = preSolution
		DebugGame Editor|Win64 = DebugGame Editor|Win64
		DebugGame|Win64 = DebugGame|Win64
		Development Editor|Win64 = Development Editor|Win64
		Development|Win64 = Development|Win64
		Shipping|Win64 = Shipping|Win64
	EndGlobalSection
	# UnrealVS Section
	GlobalSection(ddbf523f-7eb6-4887-bd51-85a714ff87eb) = preSolution
		AvailablePlatforms=Win64
	EndGlobalSection
	GlobalSection(ProjectConfigurationPlatforms) = postSolution
		{E5D0C739-CD64-3882-8939-3D862194A8C3}.DebugGame Editor|Win64.ActiveCfg = BuiltWithUnrealBuildTool|Win64
		{E5D0C739-CD64-3882-8939-3D862194A8C3}.DebugGame|Win64.ActiveCfg = BuiltWithUnrealBuildTool|Win64
		{E5D0C739-CD64-3882-8939-3D862194A8C3}.Development Editor|Win64.ActiveCfg = BuiltWithUnrealBuildTool|Win64
		{E5D0C739-CD64-3882-8939-3D862194A8C3}.Development|Win64.ActiveCfg = BuiltWithUnrealBuildTool|Win64
		{E5D0C739-CD64-3882-8939-3D862194A8C3}.Shipping|Win64.ActiveCfg = BuiltWithUnrealBuildTool|Win64
		{2C9C7FC0-CBAD-321F-B705-2FFCA31E4CCD}.DebugGame Editor|Win64.ActiveCfg = DebugGame_Editor|x64
		{2C9C7FC0-CBAD-321F-B705-2FFCA31E4CCD}.DebugGame Editor|Win64.Build.0 = DebugGame_Editor|x64
		{2C9C7FC0-CBAD-321F-B705-2FFCA31E4CCD}.DebugGame|Win64.ActiveCfg = DebugGame|x64
		{2C9C7FC0-CBAD-321F-B705-2FFCA31E4CCD}.DebugGame|Win64.Build.0 = DebugGame|x64
		{2C9C7FC0-CBAD-321F-B705-2FFCA31E4CCD}.Development Editor|Win64.ActiveCfg = Development_Editor|x64
		{2C9C7FC0-CBAD-321F-B705-2FFCA31E4CCD}.Development Editor|Win64.Build.0 = Development_Editor|x64
		{2C9C7FC0-CBAD-321F-B705-2FFCA31E4CCD}.Development|Win64.ActiveCfg = Development|x64
		{2C9C7FC0-CBAD-321F-B705-2FFCA31E4CCD}.Development|Win64.Build.0 = Development|x64
		{2C9C7FC0-CBAD-321F-B705-2FFCA31E4CCD}.Shipping|Win64.ActiveCfg = Shipping|x64
		{2C9C7FC0-CBAD-321F-B705-2FFCA31E4CCD}.Shipping|Win64.Build.0 = Shipping|x64
		{49FCA5DC-5954-3F1A-A654-EA8F13171D50}.DebugGame Editor|Win64.ActiveCfg = Development|Any CPU
		{49FCA5DC-5954-3F1A-A654-EA8F13171D50}.DebugGame Editor|Win64.Build.0 = Development|Any CPU
		{49FCA5DC-5954-3F1A-A654-EA8F13171D50}.DebugGame|Win64.ActiveCfg = Development|Any CPU
		{49FCA5DC-5954-3F1A-A654-EA8F13171D50}.DebugGame|Win64.Build.0 = Development|Any CPU
		{49FCA5DC-5954-3F1A-A654-EA8F13171D50}.Development Editor|Win64.ActiveCfg = Development|Any CPU
		{49FCA5DC-5954-3F1A-A654-EA8F13171D50}.Development Editor|Win64.Build.0 = Development|Any CPU
		{49FCA5DC-5954-3F1A-A654-EA8F13171D50}.Development|Win64.ActiveCfg = Development|Any CPU
		{49FCA5DC-5954-3F1A-A654-EA8F13171D50}.Development|Win64.Build.0 = Development|Any CPU
		{49FCA5DC-5954-3F1A-A654-EA8F13171D50}.Shipping|Win64.ActiveCfg = Development|Any CPU
		{49FCA5DC-5954-3F1A-A654-EA8F13171D50}.Shipping|Win64.Build.0 = Development|Any CPU
		{452B09CA-B258-33F1-A267-2448B21C959A}.DebugGame Editor|Win64.ActiveCfg = Development|Any CPU
		{452B09CA-B258-33F1-A267-2448B21C959A}.DebugGame Editor|Win64.Build.0 = Development|Any CPU
		{452B09CA-B258-33F1-A267-2448B21C959A}.DebugGame|Win64.ActiveCfg = Development|Any CPU
		{452B09CA-B258-33F1-A267-2448B21C959A}.DebugGame|Win64.Build.0 = Development|Any CPU
		{452B09CA-B258-33F1-A267-2448B21C959A}.Development Editor|Win64.ActiveCfg = Development|Any CPU
		{452B09CA-B258-33F1-A267-2448B21C959A}.Development Editor|Win64.Build.0 = Development|Any CPU
		{452B09CA-B258-33F1-A267-2448B21C959A}.Development|Win64.ActiveCfg = Development|Any CPU
		{452B09CA-B258-33F1-A267-2448B21C959A}.Development|Win64.Build.0 = Development|Any CPU
		{452B09CA-B258-33F1-A267-2448B21C959A}.Shipping|Win64.ActiveCfg = Development|Any CPU
		{452B09CA-B258-33F1-A267-2448B21C959A}.Shipping|Win64.Build.0 = Development|Any CPU
		{2AA10BE0-5423-3714-ADB7-0B3FE0678971}.DebugGame Editor|Win64.ActiveCfg = Development|Any CPU
		{2AA10BE0-5423-3714-ADB7-0B3FE0678971}.DebugGame Editor|Win64.Build.0 = Development|Any CPU
		{2AA10BE0-5423-3714-ADB7-0B3FE0678971}.DebugGame|Win64.ActiveCfg = Development|Any CPU
		{2AA10BE0-5423-3714-ADB7-0B3FE0678971}.DebugGame|Win64.Build.0 = Development|Any CPU
		{2AA10BE0-5423-3714-ADB7-0B3FE0678971}.Development Editor|Win64.ActiveCfg = Development|Any CPU
		{2AA10BE0-5423-3714-ADB7-0B3FE0678971}.Development Editor|Win64.Build.0 = Development|Any CPU
		{2AA10BE0-5423-3714-ADB7-0B3FE0678971}.Development|Win64.ActiveCfg = Development|Any CPU
		{2AA10BE0-5423-3714-ADB7-0B3FE0678971}.Development|Win64.Build.0 = Development|Any CPU
		{2AA10BE0-5423-3714-ADB7-0B3FE0678971}.Shipping|Win64.ActiveCfg = Development|Any CPU
		{2AA10BE0-5423-3714-ADB7-0B3FE0678971}.Shipping|Win64.Build.0 = Development|Any CPU
		{9AFBF415-6CC6-35C1-A1A3-AA71BE4646CD}.DebugGame Editor|Win64.ActiveCfg = Development|Any CPU
		{9AFBF415-6CC6-35C1-A1A3-AA71BE4646CD}.DebugGame Editor|Win64.Build.0 = Development|Any CPU
		{9AFBF415-6CC6-35C1-A1A3-AA71BE4646CD}.DebugGame|Win64.ActiveCfg = Development|Any CPU
		{9AFBF415-6CC6-35C1-A1A3-AA71BE4646CD}.DebugGame|Win64.Build.0 = Development|Any CPU
		{9AFBF415-6CC6-35C1-A1A3-AA71BE4646CD}.Development Editor|Win64.ActiveCfg = Development|Any CPU
		{9AFBF415-6CC6-35C1-A1A3-AA71BE4646CD}.Development Editor|Win64.Build.0 = Development|Any CPU
		{9AFBF415-6CC6-35C1-A1A3-AA71BE4646CD}.Development|Win64.ActiveCfg = Development|Any CPU
		{9AFBF415-6CC6-35C1-A1A3-AA71BE4646CD}.Development|Win64.Build.0 = Development|Any CPU
		{9AFBF415-6CC6-35C1-A1A3-AA71BE4646CD}.Shipping|Win64.ActiveCfg = Development|Any CPU
		{9AFBF415-6CC6-35C1-A1A3-AA71BE4646CD}.Shipping|Win64.Build.0 = Development|Any CPU
		{C2563430-E13F-3644-9272-4A7AF57D9137}.DebugGame Editor|Win64.ActiveCfg = Development|Any CPU
		{C2563430-E13F-3644-9272-4A7AF57D9137}.DebugGame Editor|Win64.Build.0 = Development|Any CPU
		{C2563430-E13F-3644-9272-4A7AF57D9137}.DebugGame|Win64.ActiveCfg = Development|Any CPU
		{C2563430-E13F-3644-9272-4A7AF57D9137}.DebugGame|Win64.Build.0 = Development|Any CPU
		{C2563430-E13F-3644-9272-4A7AF57D9137}.Development Editor|Win64.ActiveCfg = Development|Any CPU
		{C2563430-E13F-3644-9272-4A7AF57D9137}.Development Editor|Win64.Build.0 = Development|Any CPU
		{C2563430-E13F-3644-9272-4A7AF57D9137}.Development|Win64.ActiveCfg = Development|Any CPU
		{C2563430-E13F-3644-9272-4A7AF57D9137}.Development|Win64.Build.0 = Development|Any CPU
		{C2563430-E13F-3644-9272-4A7AF57D9137}.Shipping|Win64.ActiveCfg = Development|Any CPU
		{C2563430-E13F-3644-9272-4A7AF57D9137}.Shipping|Win64.Build.0 = Development|Any CPU
		{7235582D-CD31-37D8-B7B1-87E213956335}.DebugGame Editor|Win64.ActiveCfg = Development|Any CPU
		{7235582D-CD31-37D8-B7B1-87E213956335}.DebugGame Editor|Win64.Build.0 = Development|Any CPU
		{7235582D-CD31-37D8-B7B1-87E213956335}.DebugGame|Win64.ActiveCfg = Development|Any CPU
		{7235582D-CD31-37D8-B7B1-87E213956335}.DebugGame|Win64.Build.0 = Development|Any CPU
		{7235582D-CD31-37D8-B7B1-87E213956335}.Development Editor|Win64.ActiveCfg = Development|Any CPU
		{7235582D-CD31-37D8-B7B1-87E213956335}.Development Editor|Win64.Build.0 = Development|Any CPU
		{7235582D-CD31-37D8-B7B1-87E213956335}.Development|Win64.ActiveCfg = Development|Any CPU
		{7235582D-CD31-37D8-B7B1-87E213956335}.Development|Win64.Build.0 = Development|Any CPU
		{7235582D-CD31-37D8-B7B1-87E213956335}.Shipping|Win64.ActiveCfg = Development|Any CPU
		{7235582D-CD31-37D8-B7B1-87E213956335}.Shipping|Win64.Build.0 = Development|Any CPU
		{0BA28ED5-01D6-3DFF-AFA2-156B81E28017}.DebugGame Editor|Win64.ActiveCfg = Development|Any CPU
		{0BA28ED5-01D6-3DFF-AFA2-156B81E28017}.DebugGame Editor|Win64.Build.0 = Development|Any CPU
		{0BA28ED5-01D6-3DFF-AFA2-156B81E28017}.DebugGame|Win64.ActiveCfg = Development|Any CPU
		{0BA28ED5-01D6-3DFF-AFA2-156B81E28017}.DebugGame|Win64.Build.0 = Development|Any CPU
		{0BA28ED5-01D6-3DFF-AFA2-156B81E28017}.Development Editor|Win64.ActiveCfg = Development|Any CPU
		{0BA28ED5-01D6-3DFF-AFA2-156B81E28017}.Development Editor|Win64.Build.0 = Development|Any CPU
		{0BA28ED5-01D6-3DFF-AFA2-156B81E28017}.Development|Win64.ActiveCfg = Development|Any CPU
		{0BA28ED5-01D6-3DFF-AFA2-156B81E28017}.Development|Win64.Build.0 = Development|Any CPU
		{0BA28ED5-01D6-3DFF-AFA2-156B81E28017}.Shipping|Win64.ActiveCfg = Development|Any CPU
		{0BA28ED5-01D6-3DFF-AFA2-156B81E28017}.Shipping|Win64.Build.0 = Development|Any CPU
		{56DD4D50-40EC-3122-A21E-9FAC542DB77A}.DebugGame Editor|Win64.ActiveCfg = Development|Any CPU
		{56DD4D50-40EC-3122-A21E-9FAC542DB77A}.DebugGame Editor|Win64.Build.0 = Development|Any CPU
		{56DD4D50-40EC-3122-A21E-9FAC542DB77A}.DebugGame|Win64.ActiveCfg = Development|Any CPU
		{56DD4D50-40EC-3122-A21E-9FAC542DB77A}.DebugGame|Win64.Build.0 = Development|Any CPU
		{56DD4D50-40EC-3122-A21E-9FAC542DB77A}.Development Editor|Win64.ActiveCfg = Development|Any CPU
		{56DD4D50-40EC-3122-A21E-9FAC542DB77A}.Development Editor|Win64.Build.0 = Development|Any CPU
		{56DD4D50-40EC-3122-A21E-9FAC542DB77A}.Development|Win64.ActiveCfg = Development|Any CPU
		{56DD4D50-40EC-3122-A21E-9FAC542DB77A}.Development|Win64.Build.0 = Development|Any CPU
		{56DD4D50-40EC-3122-A21E-9FAC542DB77A}.Shipping|Win64.ActiveCfg = Development|Any CPU
		{56DD4D50-40EC-3122-A21E-9FAC542DB77A}.Shipping|Win64.Build.0 = Development|Any CPU
		{3416CD44-BA33-36F1-BE64-06040ABC1AA6}.DebugGame Editor|Win64.ActiveCfg = Development|Any CPU
		{3416CD44-BA33-36F1-BE64-06040ABC1AA6}.DebugGame Editor|Win64.Build.0 = Development|Any CPU
		{3416CD44-BA33-36F1-BE64-06040ABC1AA6}.DebugGame|Win64.ActiveCfg = Development|Any CPU
		{3416CD44-BA33-36F1-BE64-06040ABC1AA6}.DebugGame|Win64.Build.0 = Development|Any CPU
		{3416CD44-BA33-36F1-BE64-06040ABC1AA6}.Development Editor|Win64.ActiveCfg = Development|Any CPU
		{3416CD44-BA33-36F1-BE64-06040ABC1AA6}.Development Editor|Win64.Build.0 = Development|Any CPU
		{3416CD44-BA33-36F1-BE64-06040ABC1AA6}.Development|Win64.ActiveCfg = Development|Any CPU
		{3416CD44-BA33-36F1-BE64-06040ABC1AA6}.Development|Win64.Build.0 = Development|Any CPU
		{3416CD44-BA33-36F1-BE64-06040ABC1AA6}.Shipping|Win64.ActiveCfg = Development|Any CPU
		{3416CD44-BA33-36F1-BE64-06040ABC1AA6}.Shipping|Win64.Build.0 = Development|Any CPU
		{CB5DED66-DB5F-3BBB-99EA-9317DD6530D1}.DebugGame Editor|Win64.ActiveCfg = Development|Any CPU
		{CB5DED66-DB5F-3BBB-99EA-9317DD6530D1}.DebugGame Editor|Win64.Build.0 = Development|Any CPU
		{CB5DED66-DB5F-3BBB-99EA-9317DD6530D1}.DebugGame|Win64.ActiveCfg = Development|Any CPU
		{CB5DED66-DB5F-3BBB-99EA-9317DD6530D1}.DebugGame|Win64.Build.0 = Development|Any CPU
		{CB5DED66-DB5F-3BBB-99EA-9317DD6530D1}.Development Editor|Win64.ActiveCfg = Development|Any CPU
		{CB5DED66-DB5F-3BBB-99EA-9317DD6530D1}.Development Editor|Win64.Build.0 = Development|Any CPU
		{CB5DED66-DB5F-3BBB-99EA-9317DD6530D1}.Development|Win64.ActiveCfg = Development|Any CPU
		{CB5DED66-DB5F-3BBB-99EA-9317DD6530D1}.Development|Win64.Build.0 = Development|Any CPU
		{CB5DED66-DB5F-3BBB-99EA-9317DD6530D1}.Shipping|Win64.ActiveCfg = Development|Any CPU
		{CB5DED66-DB5F-3BBB-99EA-9317DD6530D1}.Shipping|Win64.Build.0 = Development|Any CPU
		{3753612C-2A8D-3C9F-BFB3-CFC697D32258}.DebugGame Editor|Win64.ActiveCfg = Development|Any CPU
		{3753612C-2A8D-3C9F-BFB3-CFC697D32258}.DebugGame Editor|Win64.Build.0 = Development|Any CPU
		{3753612C-2A8D-3C9F-BFB3-CFC697D32258}.DebugGame|Win64.ActiveCfg = Development|Any CPU
		{3753612C-2A8D-3C9F-BFB3-CFC697D32258}.DebugGame|Win64.Build.0 = Development|Any CPU
		{3753612C-2A8D-3C9F-BFB3-CFC697D32258}.Development Editor|Win64.ActiveCfg = Development|Any CPU
		{3753612C-2A8D-3C9F-BFB3-CFC697D32258}.Development Editor|Win64.Build.0 = Development|Any CPU
		{3753612C-2A8D-3C9F-BFB3-CFC697D32258}.Development|Win64.ActiveCfg = Development|Any CPU
		{3753612C-2A8D-3C9F-BFB3-CFC697D32258}.Development|Win64.Build.0 = Development|Any CPU
		{3753612C-2A8D-3C9F-BFB3-CFC697D32258}.Shipping|Win64.ActiveCfg = Development|Any CPU
		{3753612C-2A8D-3C9F-BFB3-CFC697D32258}.Shipping|Win64.Build.0 = Development|Any CPU
		{27AF9E4B-1E07-3AE2-9F02-1834360C4D08}.DebugGame Editor|Win64.ActiveCfg = Development|Any CPU
		{27AF9E4B-1E07-3AE2-9F02-1834360C4D08}.DebugGame Editor|Win64.Build.0 = Development|Any CPU
		{27AF9E4B-1E07-3AE2-9F02-1834360C4D08}.DebugGame|Win64.ActiveCfg = Development|Any CPU
		{27AF9E4B-1E07-3AE2-9F02-1834360C4D08}.DebugGame|Win64.Build.0 = Development|Any CPU
		{27AF9E4B-1E07-3AE2-9F02-1834360C4D08}.Development Editor|Win64.ActiveCfg = Development|Any CPU
		{27AF9E4B-1E07-3AE2-9F02-1834360C4D08}.Development Editor|Win64.Build.0 = Development|Any CPU
		{27AF9E4B-1E07-3AE2-9F02-1834360C4D08}.Development|Win64.ActiveCfg = Development|Any CPU
		{27AF9E4B-1E07-3AE2-9F02-1834360C4D08}.Development|Win64.Build.0 = Development|Any CPU
		{27AF9E4B-1E07-3AE2-9F02-1834360C4D08}.Shipping|Win64.ActiveCfg = Development|Any CPU
		{27AF9E4B-1E07-3AE2-9F02-1834360C4D08}.Shipping|Win64.Build.0 = Development|Any CPU
		{14974064-87D4-3227-B02B-0C644B639AD0}.DebugGame Editor|Win64.ActiveCfg = Development|Any CPU
		{14974064-87D4-3227-B02B-0C644B639AD0}.DebugGame Editor|Win64.Build.0 = Development|Any CPU
		{14974064-87D4-3227-B02B-0C644B639AD0}.DebugGame|Win64.ActiveCfg = Development|Any CPU
		{14974064-87D4-3227-B02B-0C644B639AD0}.DebugGame|Win64.Build.0 = Development|Any CPU
		{14974064-87D4-3227-B02B-0C644B639AD0}.Development Editor|Win64.ActiveCfg = Development|Any CPU
		{14974064-87D4-3227-B02B-0C644B639AD0}.Development Editor|Win64.Build.0 = Development|Any CPU
		{14974064-87D4-3227-B02B-0C644B639AD0}.Development|Win64.ActiveCfg = Development|Any CPU
		{14974064-87D4-3227-B02B-0C644B639AD0}.Development|Win64.Build.0 = Development|Any CPU
		{14974064-87D4-3227-B02B-0C644B639AD0}.Shipping|Win64.ActiveCfg = Development|Any CPU
		{14974064-87D4-3227-B02B-0C644B639AD0}.Shipping|Win64.Build.0 = Development|Any CPU
		{2DD0950A-8955-34B9-B205-A7AE45128A33}.DebugGame Editor|Win64.ActiveCfg = Development|Any CPU
		{2DD0950A-8955-34B9-B205-A7AE45128A33}.DebugGame Editor|Win64.Build.0 = Development|Any CPU
		{2DD0950A-8955-34B9-B205-A7AE45128A33}.DebugGame|Win64.ActiveCfg = Development|Any CPU
		{2DD0950A-8955-34B9-B205-A7AE45128A33}.DebugGame|Win64.Build.0 = Development|Any CPU
		{2DD0950A-8955-34B9-B205-A7AE45128A33}.Development Editor|Win64.ActiveCfg = Development|Any CPU
		{2DD0950A-8955-34B9-B205-A7AE45128A33}.Development Editor|Win64.Build.0 = Development|Any CPU
		{2DD0950A-8955-34B9-B205-A7AE45128A33}.Development|Win64.ActiveCfg = Development|Any CPU
		{2DD0950A-8955-34B9-B205-A7AE45128A33}.Development|Win64.Build.0 = Development|Any CPU
		{2DD0950A-8955-34B9-B205-A7AE45128A33}.Shipping|Win64.ActiveCfg = Development|Any CPU
		{2DD0950A-8955-34B9-B205-A7AE45128A33}.Shipping|Win64.Build.0 = Development|Any CPU
		{69825DF3-70BA-36D2-8AAE-EDD7328B080A}.DebugGame Editor|Win64.ActiveCfg = Development|Any CPU
		{69825DF3-70BA-36D2-8AAE-EDD7328B080A}.DebugGame Editor|Win64.Build.0 = Development|Any CPU
		{69825DF3-70BA-36D2-8AAE-EDD7328B080A}.DebugGame|Win64.ActiveCfg = Development|Any CPU
		{69825DF3-70BA-36D2-8AAE-EDD7328B080A}.DebugGame|Win64.Build.0 = Development|Any CPU
		{69825DF3-70BA-36D2-8AAE-EDD7328B080A}.Development Editor|Win64.ActiveCfg = Development|Any CPU
		{69825DF3-70BA-36D2-8AAE-EDD7328B080A}.Development Editor|Win64.Build.0 = Development|Any CPU
		{69825DF3-70BA-36D2-8AAE-EDD7328B080A}.Development|Win64.ActiveCfg = Development|Any CPU
		{69825DF3-70BA-36D2-8AAE-EDD7328B080A}.Development|Win64.Build.0 = Development|Any CPU
		{69825DF3-70BA-36D2-8AAE-EDD7328B080A}.Shipping|Win64.ActiveCfg = Development|Any CPU
		{69825DF3-70BA-36D2-8AAE-EDD7328B080A}.Shipping|Win64.Build.0 = Development|Any CPU
		{391AFA6D-576F-3760-ADD4-B358EFF8BB33}.DebugGame Editor|Win64.ActiveCfg = Development|Any CPU
		{391AFA6D-576F-3760-ADD4-B358EFF8BB33}.DebugGame Editor|Win64.Build.0 = Development|Any CPU
		{391AFA6D-576F-3760-ADD4-B358EFF8BB33}.DebugGame|Win64.ActiveCfg = Development|Any CPU
		{391AFA6D-576F-3760-ADD4-B358EFF8BB33}.DebugGame|Win64.Build.0 = Development|Any CPU
		{391AFA6D-576F-3760-ADD4-B358EFF8BB33}.Development Editor|Win64.ActiveCfg = Development|Any CPU
		{391AFA6D-576F-3760-ADD4-B358EFF8BB33}.Development Editor|Win64.Build.0 = Development|Any CPU
		{391AFA6D-576F-3760-ADD4-B358EFF8BB33}.Development|Win64.ActiveCfg = Development|Any CPU
		{391AFA6D-576F-3760-ADD4-B358EFF8BB33}.Development|Win64.Build.0 = Development|Any CPU
		{391AFA6D-576F-3760-ADD4-B358EFF8BB33}.Shipping|Win64.ActiveCfg = Development|Any CPU
		{391AFA6D-576F-3760-ADD4-B358EFF8BB33}.Shipping|Win64.Build.0 = Development|Any CPU
		{C08BBDB7-1BEB-347E-A88D-AD134D211B50}.DebugGame Editor|Win64.ActiveCfg = Development|Any CPU
		{C08BBDB7-1BEB-347E-A88D-AD134D211B50}.DebugGame Editor|Win64.Build.0 = Development|Any CPU
		{C08BBDB7-1BEB-347E-A88D-AD134D211B50}.DebugGame|Win64.ActiveCfg = Development|Any CPU
		{C08BBDB7-1BEB-347E-A88D-AD134D211B50}.DebugGame|Win64.Build.0 = Development|Any CPU
		{C08BBDB7-1BEB-347E-A88D-AD134D211B50}.Development Editor|Win64.ActiveCfg = Development|Any CPU
		{C08BBDB7-1BEB-347E-A88D-AD134D211B50}.Development Editor|Win64.Build.0 = Development|Any CPU
		{C08BBDB7-1BEB-347E-A88D-AD134D211B50}.Development|Win64.ActiveCfg = Development|Any CPU
		{C08BBDB7-1BEB-347E-A88D-AD134D211B50}.Development|Win64.Build.0 = Development|Any CPU
		{C08BBDB7-1BEB-347E-A88D-AD134D211B50}.Shipping|Win64.ActiveCfg = Development|Any CPU
		{C08BBDB7-1BEB-347E-A88D-AD134D211B50}.Shipping|Win64.Build.0 = Development|Any CPU
		{6D09FB0F-9570-3208-978D-2BD1AEDE08D2}.DebugGame Editor|Win64.ActiveCfg = Development|Any CPU
		{6D09FB0F-9570-3208-978D-2BD1AEDE08D2}.DebugGame Editor|Win64.Build.0 = Development|Any CPU
		{6D09FB0F-9570-3208-978D-2BD1AEDE08D2}.DebugGame|Win64.ActiveCfg = Development|Any CPU
		{6D09FB0F-9570-3208-978D-2BD1AEDE08D2}.DebugGame|Win64.Build.0 = Development|Any CPU
		{6D09FB0F-9570-3208-978D-2BD1AEDE08D2}.Development Editor|Win64.ActiveCfg = Development|Any CPU
		{6D09FB0F-9570-3208-978D-2BD1AEDE08D2}.Development Editor|Win64.Build.0 = Development|Any CPU
		{6D09FB0F-9570-3208-978D-2BD1AEDE08D2}.Development|Win64.ActiveCfg = Development|Any CPU
		{6D09FB0F-9570-3208-978D-2BD1AEDE08D2}.Development|Win64.Build.0 = Development|Any CPU
		{6D09FB0F-9570-3208-978D-2BD1AEDE08D2}.Shipping|Win64.ActiveCfg = Development|Any CPU
		{6D09FB0F-9570-3208-978D-2BD1AEDE08D2}.Shipping|Win64.Build.0 = Development|Any CPU
		{BB6CCA2B-C23F-3BFD-B5EE-8C8BD01653D6}.DebugGame Editor|Win64.ActiveCfg = Development|Any CPU
		{BB6CCA2B-C23F-3BFD-B5EE-8C8BD01653D6}.DebugGame Editor|Win64.Build.0 = Development|Any CPU
		{BB6CCA2B-C23F-3BFD-B5EE-8C8BD01653D6}.DebugGame|Win64.ActiveCfg = Development|Any CPU
		{BB6CCA2B-C23F-3BFD-B5EE-8C8BD01653D6}.DebugGame|Win64.Build.0 = Development|Any CPU
		{BB6CCA2B-C23F-3BFD-B5EE-8C8BD01653D6}.Development Editor|Win64.ActiveCfg = Development|Any CPU
		{BB6CCA2B-C23F-3BFD-B5EE-8C8BD01653D6}.Development Editor|Win64.Build.0 = Development|Any CPU
		{BB6CCA2B-C23F-3BFD-B5EE-8C8BD01653D6}.Development|Win64.ActiveCfg = Development|Any CPU
		{BB6CCA2B-C23F-3BFD-B5EE-8C8BD01653D6}.Development|Win64.Build.0 = Development|Any CPU
		{BB6CCA2B-C23F-3BFD-B5EE-8C8BD01653D6}.Shipping|Win64.ActiveCfg = Development|Any CPU
		{BB6CCA2B-C23F-3BFD-B5EE-8C8BD01653D6}.Shipping|Win64.Build.0 = Development|Any CPU
		{712EA91C-F373-35CA-9663-6CB2D7F4D683}.DebugGame Editor|Win64.ActiveCfg = Development|Any CPU
		{712EA91C-F373-35CA-9663-6CB2D7F4D683}.DebugGame Editor|Win64.Build.0 = Development|Any CPU
		{712EA91C-F373-35CA-9663-6CB2D7F4D683}.DebugGame|Win64.ActiveCfg = Development|Any CPU
		{712EA91C-F373-35CA-9663-6CB2D7F4D683}.DebugGame|Win64.Build.0 = Development|Any CPU
		{712EA91C-F373-35CA-9663-6CB2D7F4D683}.Development Editor|Win64.ActiveCfg = Development|Any CPU
		{712EA91C-F373-35CA-9663-6CB2D7F4D683}.Development Editor|Win64.Build.0 = Development|Any CPU
		{712EA91C-F373-35CA-9663-6CB2D7F4D683}.Development|Win64.ActiveCfg = Development|Any CPU
		{712EA91C-F373-35CA-9663-6CB2D7F4D683}.Development|Win64.Build.0 = Development|Any CPU
		{712EA91C-F373-35CA-9663-6CB2D7F4D683}.Shipping|Win64.ActiveCfg = Development|Any CPU
		{712EA91C-F373-35CA-9663-6CB2D7F4D683}.Shipping|Win64.Build.0 = Development|Any CPU
		{29942DE1-3571-3FAD-AA59-6208CC6B2550}.DebugGame Editor|Win64.ActiveCfg = Development|Any CPU
		{29942DE1-3571-3FAD-AA59-6208CC6B2550}.DebugGame Editor|Win64.Build.0 = Development|Any CPU
		{29942DE1-3571-3FAD-AA59-6208CC6B2550}.DebugGame|Win64.ActiveCfg = Development|Any CPU
		{29942DE1-3571-3FAD-AA59-6208CC6B2550}.DebugGame|Win64.Build.0 = Development|Any CPU
		{29942DE1-3571-3FAD-AA59-6208CC6B2550}.Development Editor|Win64.ActiveCfg = Development|Any CPU
		{29942DE1-3571-3FAD-AA59-6208CC6B2550}.Development Editor|Win64.Build.0 = Development|Any CPU
		{29942DE1-3571-3FAD-AA59-6208CC6B2550}.Development|Win64.ActiveCfg = Development|Any CPU
		{29942DE1-3571-3FAD-AA59-6208CC6B2550}.Development|Win64.Build.0 = Development|Any CPU
		{29942DE1-3571-3FAD-AA59-6208CC6B2550}.Shipping|Win64.ActiveCfg = Development|Any CPU
		{29942DE1-3571-3FAD-AA59-6208CC6B2550}.Shipping|Win64.Build.0 = Development|Any CPU
		{57A793C1-DF39-310F-8B17-D2130AC0D2AB}.DebugGame Editor|Win64.ActiveCfg = Development|Any CPU
		{57A793C1-DF39-310F-8B17-D2130AC0D2AB}.DebugGame Editor|Win64.Build.0 = Development|Any CPU
		{57A793C1-DF39-310F-8B17-D2130AC0D2AB}.DebugGame|Win64.ActiveCfg = Development|Any CPU
		{57A793C1-DF39-310F-8B17-D2130AC0D2AB}.DebugGame|Win64.Build.0 = Development|Any CPU
		{57A793C1-DF39-310F-8B17-D2130AC0D2AB}.Development Editor|Win64.ActiveCfg = Development|Any CPU
		{57A793C1-DF39-310F-8B17-D2130AC0D2AB}.Development Editor|Win64.Build.0 = Development|Any CPU
		{57A793C1-DF39-310F-8B17-D2130AC0D2AB}.Development|Win64.ActiveCfg = Development|Any CPU
		{57A793C1-DF39-310F-8B17-D2130AC0D2AB}.Development|Win64.Build.0 = Development|Any CPU
		{57A793C1-DF39-310F-8B17-D2130AC0D2AB}.Shipping|Win64.ActiveCfg = Development|Any CPU
		{57A793C1-DF39-310F-8B17-D2130AC0D2AB}.Shipping|Win64.Build.0 = Development|Any CPU
		{CD556EF4-8DCA-3C83-AD20-021935535838}.DebugGame Editor|Win64.ActiveCfg = Development|Any CPU
		{CD556EF4-8DCA-3C83-AD20-021935535838}.DebugGame Editor|Win64.Build.0 = Development|Any CPU
		{CD556EF4-8DCA-3C83-AD20-021935535838}.DebugGame|Win64.ActiveCfg = Development|Any CPU
		{CD556EF4-8DCA-3C83-AD20-021935535838}.DebugGame|Win64.Build.0 = Development|Any CPU
		{CD556EF4-8DCA-3C83-AD20-021935535838}.Development Editor|Win64.ActiveCfg = Development|Any CPU
		{CD556EF4-8DCA-3C83-AD20-021935535838}.Development Editor|Win64.Build.0 = Development|Any CPU
		{CD556EF4-8DCA-3C83-AD20-021935535838}.Development|Win64.ActiveCfg = Development|Any CPU
		{CD556EF4-8DCA-3C83-AD20-021935535838}.Development|Win64.Build.0 = Development|Any CPU
		{CD556EF4-8DCA-3C83-AD20-021935535838}.Shipping|Win64.ActiveCfg = Development|Any CPU
		{CD556EF4-8DCA-3C83-AD20-021935535838}.Shipping|Win64.Build.0 = Development|Any CPU
		{1DCC1060-B8E7-3CB4-9265-266E951A60D0}.DebugGame Editor|Win64.ActiveCfg = Development|Any CPU
		{1DCC1060-B8E7-3CB4-9265-266E951A60D0}.DebugGame Editor|Win64.Build.0 = Development|Any CPU
		{1DCC1060-B8E7-3CB4-9265-266E951A60D0}.DebugGame|Win64.ActiveCfg = Development|Any CPU
		{1DCC1060-B8E7-3CB4-9265-266E951A60D0}.DebugGame|Win64.Build.0 = Development|Any CPU
		{1DCC1060-B8E7-3CB4-9265-266E951A60D0}.Development Editor|Win64.ActiveCfg = Development|Any CPU
		{1DCC1060-B8E7-3CB4-9265-266E951A60D0}.Development Editor|Win64.Build.0 = Development|Any CPU
		{1DCC1060-B8E7-3CB4-9265-266E951A60D0}.Development|Win64.ActiveCfg = Development|Any CPU
		{1DCC1060-B8E7-3CB4-9265-266E951A60D0}.Development|Win64.Build.0 = Development|Any CPU
		{1DCC1060-B8E7-3CB4-9265-266E951A60D0}.Shipping|Win64.ActiveCfg = Development|Any CPU
		{1DCC1060-B8E7-3CB4-9265-266E951A60D0}.Shipping|Win64.Build.0 = Development|Any CPU
		{D0ACD13D-230B-37D0-A344-BC6E10625DC5}.DebugGame Editor|Win64.ActiveCfg = Development|Any CPU
		{D0ACD13D-230B-37D0-A344-BC6E10625DC5}.DebugGame Editor|Win64.Build.0 = Development|Any CPU
		{D0ACD13D-230B-37D0-A344-BC6E10625DC5}.DebugGame|Win64.ActiveCfg = Development|Any CPU
		{D0ACD13D-230B-37D0-A344-BC6E10625DC5}.DebugGame|Win64.Build.0 = Development|Any CPU
		{D0ACD13D-230B-37D0-A344-BC6E10625DC5}.Development Editor|Win64.ActiveCfg = Development|Any CPU
		{D0ACD13D-230B-37D0-A344-BC6E10625DC5}.Development Editor|Win64.Build.0 = Development|Any CPU
		{D0ACD13D-230B-37D0-A344-BC6E10625DC5}.Development|Win64.ActiveCfg = Development|Any CPU
		{D0ACD13D-230B-37D0-A344-BC6E10625DC5}.Development|Win64.Build.0 = Development|Any CPU
		{D0ACD13D-230B-37D0-A344-BC6E10625DC5}.Shipping|Win64.ActiveCfg = Development|Any CPU
		{D0ACD13D-230B-37D0-A344-BC6E10625DC5}.Shipping|Win64.Build.0 = Development|Any CPU
		{A7906ED5-F90C-3B8A-8246-1E7405138165}.DebugGame Editor|Win64.ActiveCfg = Development|Any CPU
		{A7906ED5-F90C-3B8A-8246-1E7405138165}.DebugGame Editor|Win64.Build.0 = Development|Any CPU
		{A7906ED5-F90C-3B8A-8246-1E7405138165}.DebugGame|Win64.ActiveCfg = Development|Any CPU
		{A7906ED5-F90C-3B8A-8246-1E7405138165}.DebugGame|Win64.Build.0 = Development|Any CPU
		{A7906ED5-F90C-3B8A-8246-1E7405138165}.Development Editor|Win64.ActiveCfg = Development|Any CPU
		{A7906ED5-F90C-3B8A-8246-1E7405138165}.Development Editor|Win64.Build.0 = Development|Any CPU
		{A7906ED5-F90C-3B8A-8246-1E7405138165}.Development|Win64.ActiveCfg = Development|Any CPU
		{A7906ED5-F90C-3B8A-8246-1E7405138165}.Development|Win64.Build.0 = Development|Any CPU
		{A7906ED5-F90C-3B8A-8246-1E7405138165}.Shipping|Win64.ActiveCfg = Development|Any CPU
		{A7906ED5-F90C-3B8A-8246-1E7405138165}.Shipping|Win64.Build.0 = Development|Any CPU
		{77C993B2-40D7-3F78-B892-55CAB0B9BA8D}.DebugGame Editor|Win64.ActiveCfg = Development|Any CPU
		{77C993B2-40D7-3F78-B892-55CAB0B9BA8D}.DebugGame Editor|Win64.Build.0 = Development|Any CPU
		{77C993B2-40D7-3F78-B892-55CAB0B9BA8D}.DebugGame|Win64.ActiveCfg = Development|Any CPU
		{77C993B2-40D7-3F78-B892-55CAB0B9BA8D}.DebugGame|Win64.Build.0 = Development|Any CPU
		{77C993B2-40D7-3F78-B892-55CAB0B9BA8D}.Development Editor|Win64.ActiveCfg = Development|Any CPU
		{77C993B2-40D7-3F78-B892-55CAB0B9BA8D}.Development Editor|Win64.Build.0 = Development|Any CPU
		{77C993B2-40D7-3F78-B892-55CAB0B9BA8D}.Development|Win64.ActiveCfg = Development|Any CPU
		{77C993B2-40D7-3F78-B892-55CAB0B9BA8D}.Development|Win64.Build.0 = Development|Any CPU
		{77C993B2-40D7-3F78-B892-55CAB0B9BA8D}.Shipping|Win64.ActiveCfg = Development|Any CPU
		{77C993B2-40D7-3F78-B892-55CAB0B9BA8D}.Shipping|Win64.Build.0 = Development|Any CPU
		{68D35159-F61A-3A3E-BED1-8829E2EA11E7}.DebugGame Editor|Win64.ActiveCfg = Development|Any CPU
		{68D35159-F61A-3A3E-BED1-8829E2EA11E7}.DebugGame Editor|Win64.Build.0 = Development|Any CPU
		{68D35159-F61A-3A3E-BED1-8829E2EA11E7}.DebugGame|Win64.ActiveCfg = Development|Any CPU
		{68D35159-F61A-3A3E-BED1-8829E2EA11E7}.DebugGame|Win64.Build.0 = Development|Any CPU
		{68D35159-F61A-3A3E-BED1-8829E2EA11E7}.Development Editor|Win64.ActiveCfg = Development|Any CPU
		{68D35159-F61A-3A3E-BED1-8829E2EA11E7}.Development Editor|Win64.Build.0 = Development|Any CPU
		{68D35159-F61A-3A3E-BED1-8829E2EA11E7}.Development|Win64.ActiveCfg = Development|Any CPU
		{68D35159-F61A-3A3E-BED1-8829E2EA11E7}.Development|Win64.Build.0 = Development|Any CPU
		{68D35159-F61A-3A3E-BED1-8829E2EA11E7}.Shipping|Win64.ActiveCfg = Development|Any CPU
		{68D35159-F61A-3A3E-BED1-8829E2EA11E7}.Shipping|Win64.Build.0 = Development|Any CPU
		{17D95289-1743-3B9E-9045-3F2F9E00278C}.DebugGame Editor|Win64.ActiveCfg = Development|Any CPU
		{17D95289-1743-3B9E-9045-3F2F9E00278C}.DebugGame Editor|Win64.Build.0 = Development|Any CPU
		{17D95289-1743-3B9E-9045-3F2F9E00278C}.DebugGame|Win64.ActiveCfg = Development|Any CPU
		{17D95289-1743-3B9E-9045-3F2F9E00278C}.DebugGame|Win64.Build.0 = Development|Any CPU
		{17D95289-1743-3B9E-9045-3F2F9E00278C}.Development Editor|Win64.ActiveCfg = Development|Any CPU
		{17D95289-1743-3B9E-9045-3F2F9E00278C}.Development Editor|Win64.Build.0 = Development|Any CPU
		{17D95289-1743-3B9E-9045-3F2F9E00278C}.Development|Win64.ActiveCfg = Development|Any CPU
		{17D95289-1743-3B9E-9045-3F2F9E00278C}.Development|Win64.Build.0 = Development|Any CPU
		{17D95289-1743-3B9E-9045-3F2F9E00278C}.Shipping|Win64.ActiveCfg = Development|Any CPU
		{17D95289-1743-3B9E-9045-3F2F9E00278C}.Shipping|Win64.Build.0 = Development|Any CPU
		{04C2B4E2-0947-3036-8FA7-436C877CE958}.DebugGame Editor|Win64.ActiveCfg = Development|Any CPU
		{04C2B4E2-0947-3036-8FA7-436C877CE958}.DebugGame Editor|Win64.Build.0 = Development|Any CPU
		{04C2B4E2-0947-3036-8FA7-436C877CE958}.DebugGame|Win64.ActiveCfg = Development|Any CPU
		{04C2B4E2-0947-3036-8FA7-436C877CE958}.DebugGame|Win64.Build.0 = Development|Any CPU
		{04C2B4E2-0947-3036-8FA7-436C877CE958}.Development Editor|Win64.ActiveCfg = Development|Any CPU
		{04C2B4E2-0947-3036-8FA7-436C877CE958}.Development Editor|Win64.Build.0 = Development|Any CPU
		{04C2B4E2-0947-3036-8FA7-436C877CE958}.Development|Win64.ActiveCfg = Development|Any CPU
		{04C2B4E2-0947-3036-8FA7-436C877CE958}.Development|Win64.Build.0 = Development|Any CPU
		{04C2B4E2-0947-3036-8FA7-436C877CE958}.Shipping|Win64.ActiveCfg = Development|Any CPU
		{04C2B4E2-0947-3036-8FA7-436C877CE958}.Shipping|Win64.Build.0 = Development|Any CPU
		{4EF88D03-12BE-3B95-90C2-0130A6AF1259}.DebugGame Editor|Win64.ActiveCfg = Development|Any CPU
		{4EF88D03-12BE-3B95-90C2-0130A6AF1259}.DebugGame Editor|Win64.Build.0 = Development|Any CPU
		{4EF88D03-12BE-3B95-90C2-0130A6AF1259}.DebugGame|Win64.ActiveCfg = Development|Any CPU
		{4EF88D03-12BE-3B95-90C2-0130A6AF1259}.DebugGame|Win64.Build.0 = Development|Any CPU
		{4EF88D03-12BE-3B95-90C2-0130A6AF1259}.Development Editor|Win64.ActiveCfg = Development|Any CPU
		{4EF88D03-12BE-3B95-90C2-0130A6AF1259}.Development Editor|Win64.Build.0 = Development|Any CPU
		{4EF88D03-12BE-3B95-90C2-0130A6AF1259}.Development|Win64.ActiveCfg = Development|Any CPU
		{4EF88D03-12BE-3B95-90C2-0130A6AF1259}.Development|Win64.Build.0 = Development|Any CPU
		{4EF88D03-12BE-3B95-90C2-0130A6AF1259}.Shipping|Win64.ActiveCfg = Development|Any CPU
		{4EF88D03-12BE-3B95-90C2-0130A6AF1259}.Shipping|Win64.Build.0 = Development|Any CPU
		{4518E14B-AE2C-3CBD-ADC9-18025567B9F3}.DebugGame Editor|Win64.ActiveCfg = Development|Any CPU
		{4518E14B-AE2C-3CBD-ADC9-18025567B9F3}.DebugGame Editor|Win64.Build.0 = Development|Any CPU
		{4518E14B-AE2C-3CBD-ADC9-18025567B9F3}.DebugGame|Win64.ActiveCfg = Development|Any CPU
		{4518E14B-AE2C-3CBD-ADC9-18025567B9F3}.DebugGame|Win64.Build.0 = Development|Any CPU
		{4518E14B-AE2C-3CBD-ADC9-18025567B9F3}.Development Editor|Win64.ActiveCfg = Development|Any CPU
		{4518E14B-AE2C-3CBD-ADC9-18025567B9F3}.Development Editor|Win64.Build.0 = Development|Any CPU
		{4518E14B-AE2C-3CBD-ADC9-18025567B9F3}.Development|Win64.ActiveCfg = Development|Any CPU
		{4518E14B-AE2C-3CBD-ADC9-18025567B9F3}.Development|Win64.Build.0 = Development|Any CPU
		{4518E14B-AE2C-3CBD-ADC9-18025567B9F3}.Shipping|Win64.ActiveCfg = Development|Any CPU
		{4518E14B-AE2C-3CBD-ADC9-18025567B9F3}.Shipping|Win64.Build.0 = Development|Any CPU
		{000B7A84-78C7-35C9-B377-C185AA471A31}.DebugGame Editor|Win64.ActiveCfg = Development|Any CPU
		{000B7A84-78C7-35C9-B377-C185AA471A31}.DebugGame Editor|Win64.Build.0 = Development|Any CPU
		{000B7A84-78C7-35C9-B377-C185AA471A31}.DebugGame|Win64.ActiveCfg = Development|Any CPU
		{000B7A84-78C7-35C9-B377-C185AA471A31}.DebugGame|Win64.Build.0 = Development|Any CPU
		{000B7A84-78C7-35C9-B377-C185AA471A31}.Development Editor|Win64.ActiveCfg = Development|Any CPU
		{000B7A84-78C7-35C9-B377-C185AA471A31}.Development Editor|Win64.Build.0 = Development|Any CPU
		{000B7A84-78C7-35C9-B377-C185AA471A31}.Development|Win64.ActiveCfg = Development|Any CPU
		{000B7A84-78C7-35C9-B377-C185AA471A31}.Development|Win64.Build.0 = Development|Any CPU
		{000B7A84-78C7-35C9-B377-C185AA471A31}.Shipping|Win64.ActiveCfg = Development|Any CPU
		{000B7A84-78C7-35C9-B377-C185AA471A31}.Shipping|Win64.Build.0 = Development|Any CPU
		{A065525D-5C9F-30B2-B0DF-6572177B8F93}.DebugGame Editor|Win64.ActiveCfg = Development|Any CPU
		{A065525D-5C9F-30B2-B0DF-6572177B8F93}.DebugGame Editor|Win64.Build.0 = Development|Any CPU
		{A065525D-5C9F-30B2-B0DF-6572177B8F93}.DebugGame|Win64.ActiveCfg = Development|Any CPU
		{A065525D-5C9F-30B2-B0DF-6572177B8F93}.DebugGame|Win64.Build.0 = Development|Any CPU
		{A065525D-5C9F-30B2-B0DF-6572177B8F93}.Development Editor|Win64.ActiveCfg = Development|Any CPU
		{A065525D-5C9F-30B2-B0DF-6572177B8F93}.Development Editor|Win64.Build.0 = Development|Any CPU
		{A065525D-5C9F-30B2-B0DF-6572177B8F93}.Development|Win64.ActiveCfg = Development|Any CPU
		{A065525D-5C9F-30B2-B0DF-6572177B8F93}.Development|Win64.Build.0 = Development|Any CPU
		{A065525D-5C9F-30B2-B0DF-6572177B8F93}.Shipping|Win64.ActiveCfg = Development|Any CPU
		{A065525D-5C9F-30B2-B0DF-6572177B8F93}.Shipping|Win64.Build.0 = Development|Any CPU
		{A163730D-0CF2-3076-96E7-08011EE00FEE}.DebugGame Editor|Win64.ActiveCfg = Development|Any CPU
		{A163730D-0CF2-3076-96E7-08011EE00FEE}.DebugGame Editor|Win64.Build.0 = Development|Any CPU
		{A163730D-0CF2-3076-96E7-08011EE00FEE}.DebugGame|Win64.ActiveCfg = Development|Any CPU
		{A163730D-0CF2-3076-96E7-08011EE00FEE}.DebugGame|Win64.Build.0 = Development|Any CPU
		{A163730D-0CF2-3076-96E7-08011EE00FEE}.Development Editor|Win64.ActiveCfg = Development|Any CPU
		{A163730D-0CF2-3076-96E7-08011EE00FEE}.Development Editor|Win64.Build.0 = Development|Any CPU
		{A163730D-0CF2-3076-96E7-08011EE00FEE}.Development|Win64.ActiveCfg = Development|Any CPU
		{A163730D-0CF2-3076-96E7-08011EE00FEE}.Development|Win64.Build.0 = Development|Any CPU
		{A163730D-0CF2-3076-96E7-08011EE00FEE}.Shipping|Win64.ActiveCfg = Development|Any CPU
		{A163730D-0CF2-3076-96E7-08011EE00FEE}.Shipping|Win64.Build.0 = Development|Any CPU
		{E67814E3-697B-3D25-A438-02B4599FA7F9}.DebugGame Editor|Win64.ActiveCfg = Development|Any CPU
		{E67814E3-697B-3D25-A438-02B4599FA7F9}.DebugGame Editor|Win64.Build.0 = Development|Any CPU
		{E67814E3-697B-3D25-A438-02B4599FA7F9}.DebugGame|Win64.ActiveCfg = Development|Any CPU
		{E67814E3-697B-3D25-A438-02B4599FA7F9}.DebugGame|Win64.Build.0 = Development|Any CPU
		{E67814E3-697B-3D25-A438-02B4599FA7F9}.Development Editor|Win64.ActiveCfg = Development|Any CPU
		{E67814E3-697B-3D25-A438-02B4599FA7F9}.Development Editor|Win64.Build.0 = Development|Any CPU
		{E67814E3-697B-3D25-A438-02B4599FA7F9}.Development|Win64.ActiveCfg = Development|Any CPU
		{E67814E3-697B-3D25-A438-02B4599FA7F9}.Development|Win64.Build.0 = Development|Any CPU
		{E67814E3-697B-3D25-A438-02B4599FA7F9}.Shipping|Win64.ActiveCfg = Development|Any CPU
		{E67814E3-697B-3D25-A438-02B4599FA7F9}.Shipping|Win64.Build.0 = Development|Any CPU
		{5B6E3B3F-17E9-3480-82B2-8837230C602C}.DebugGame Editor|Win64.ActiveCfg = Development|Any CPU
		{5B6E3B3F-17E9-3480-82B2-8837230C602C}.DebugGame Editor|Win64.Build.0 = Development|Any CPU
		{5B6E3B3F-17E9-3480-82B2-8837230C602C}.DebugGame|Win64.ActiveCfg = Development|Any CPU
		{5B6E3B3F-17E9-3480-82B2-8837230C602C}.DebugGame|Win64.Build.0 = Development|Any CPU
		{5B6E3B3F-17E9-3480-82B2-8837230C602C}.Development Editor|Win64.ActiveCfg = Development|Any CPU
		{5B6E3B3F-17E9-3480-82B2-8837230C602C}.Development Editor|Win64.Build.0 = Development|Any CPU
		{5B6E3B3F-17E9-3480-82B2-8837230C602C}.Development|Win64.ActiveCfg = Development|Any CPU
		{5B6E3B3F-17E9-3480-82B2-8837230C602C}.Development|Win64.Build.0 = Development|Any CPU
		{5B6E3B3F-17E9-3480-82B2-8837230C602C}.Shipping|Win64.ActiveCfg = Development|Any CPU
		{5B6E3B3F-17E9-3480-82B2-8837230C602C}.Shipping|Win64.Build.0 = Development|Any CPU
		{CF3972BA-583A-3131-8998-41924F261397}.DebugGame Editor|Win64.ActiveCfg = Development|Any CPU
		{CF3972BA-583A-3131-8998-41924F261397}.DebugGame Editor|Win64.Build.0 = Development|Any CPU
		{CF3972BA-583A-3131-8998-41924F261397}.DebugGame|Win64.ActiveCfg = Development|Any CPU
		{CF3972BA-583A-3131-8998-41924F261397}.DebugGame|Win64.Build.0 = Development|Any CPU
		{CF3972BA-583A-3131-8998-41924F261397}.Development Editor|Win64.ActiveCfg = Development|Any CPU
		{CF3972BA-583A-3131-8998-41924F261397}.Development Editor|Win64.Build.0 = Development|Any CPU
		{CF3972BA-583A-3131-8998-41924F261397}.Development|Win64.ActiveCfg = Development|Any CPU
		{CF3972BA-583A-3131-8998-41924F261397}.Development|Win64.Build.0 = Development|Any CPU
		{CF3972BA-583A-3131-8998-41924F261397}.Shipping|Win64.ActiveCfg = Development|Any CPU
		{CF3972BA-583A-3131-8998-41924F261397}.Shipping|Win64.Build.0 = Development|Any CPU
		{B8EA73CC-5469-3C5A-B162-AA9A15AD1322}.DebugGame Editor|Win64.ActiveCfg = Development|Any CPU
		{B8EA73CC-5469-3C5A-B162-AA9A15AD1322}.DebugGame Editor|Win64.Build.0 = Development|Any CPU
		{B8EA73CC-5469-3C5A-B162-AA9A15AD1322}.DebugGame|Win64.ActiveCfg = Development|Any CPU
		{B8EA73CC-5469-3C5A-B162-AA9A15AD1322}.DebugGame|Win64.Build.0 = Development|Any CPU
		{B8EA73CC-5469-3C5A-B162-AA9A15AD1322}.Development Editor|Win64.ActiveCfg = Development|Any CPU
		{B8EA73CC-5469-3C5A-B162-AA9A15AD1322}.Development Editor|Win64.Build.0 = Development|Any CPU
		{B8EA73CC-5469-3C5A-B162-AA9A15AD1322}.Development|Win64.ActiveCfg = Development|Any CPU
		{B8EA73CC-5469-3C5A-B162-AA9A15AD1322}.Development|Win64.Build.0 = Development|Any CPU
		{B8EA73CC-5469-3C5A-B162-AA9A15AD1322}.Shipping|Win64.ActiveCfg = Development|Any CPU
		{B8EA73CC-5469-3C5A-B162-AA9A15AD1322}.Shipping|Win64.Build.0 = Development|Any CPU
		{0A4FF6B8-0264-385D-A508-3FB4217660AE}.DebugGame Editor|Win64.ActiveCfg = Development|Any CPU
		{0A4FF6B8-0264-385D-A508-3FB4217660AE}.DebugGame Editor|Win64.Build.0 = Development|Any CPU
		{0A4FF6B8-0264-385D-A508-3FB4217660AE}.DebugGame|Win64.ActiveCfg = Development|Any CPU
		{0A4FF6B8-0264-385D-A508-3FB4217660AE}.DebugGame|Win64.Build.0 = Development|Any CPU
		{0A4FF6B8-0264-385D-A508-3FB4217660AE}.Development Editor|Win64.ActiveCfg = Development|Any CPU
		{0A4FF6B8-0264-385D-A508-3FB4217660AE}.Development Editor|Win64.Build.0 = Development|Any CPU
		{0A4FF6B8-0264-385D-A508-3FB4217660AE}.Development|Win64.ActiveCfg = Development|Any CPU
		{0A4FF6B8-0264-385D-A508-3FB4217660AE}.Development|Win64.Build.0 = Development|Any CPU
		{0A4FF6B8-0264-385D-A508-3FB4217660AE}.Shipping|Win64.ActiveCfg = Development|Any CPU
		{0A4FF6B8-0264-385D-A508-3FB4217660AE}.Shipping|Win64.Build.0 = Development|Any CPU
		{CAA52873-DEF8-381B-A9A9-508A951363DA}.DebugGame Editor|Win64.ActiveCfg = Development|Any CPU
		{CAA52873-DEF8-381B-A9A9-508A951363DA}.DebugGame Editor|Win64.Build.0 = Development|Any CPU
		{CAA52873-DEF8-381B-A9A9-508A951363DA}.DebugGame|Win64.ActiveCfg = Development|Any CPU
		{CAA52873-DEF8-381B-A9A9-508A951363DA}.DebugGame|Win64.Build.0 = Development|Any CPU
		{CAA52873-DEF8-381B-A9A9-508A951363DA}.Development Editor|Win64.ActiveCfg = Development|Any CPU
		{CAA52873-DEF8-381B-A9A9-508A951363DA}.Development Editor|Win64.Build.0 = Development|Any CPU
		{CAA52873-DEF8-381B-A9A9-508A951363DA}.Development|Win64.ActiveCfg = Development|Any CPU
		{CAA52873-DEF8-381B-A9A9-508A951363DA}.Development|Win64.Build.0 = Development|Any CPU
		{CAA52873-DEF8-381B-A9A9-508A951363DA}.Shipping|Win64.ActiveCfg = Development|Any CPU
		{CAA52873-DEF8-381B-A9A9-508A951363DA}.Shipping|Win64.Build.0 = Development|Any CPU
		{95117383-9A37-3B70-933A-3B7023378AE8}.DebugGame Editor|Win64.ActiveCfg = Development|Any CPU
		{95117383-9A37-3B70-933A-3B7023378AE8}.DebugGame Editor|Win64.Build.0 = Development|Any CPU
		{95117383-9A37-3B70-933A-3B7023378AE8}.DebugGame|Win64.ActiveCfg = Development|Any CPU
		{95117383-9A37-3B70-933A-3B7023378AE8}.DebugGame|Win64.Build.0 = Development|Any CPU
		{95117383-9A37-3B70-933A-3B7023378AE8}.Development Editor|Win64.ActiveCfg = Development|Any CPU
		{95117383-9A37-3B70-933A-3B7023378AE8}.Development Editor|Win64.Build.0 = Development|Any CPU
		{95117383-9A37-3B70-933A-3B7023378AE8}.Development|Win64.ActiveCfg = Development|Any CPU
		{95117383-9A37-3B70-933A-3B7023378AE8}.Development|Win64.Build.0 = Development|Any CPU
		{95117383-9A37-3B70-933A-3B7023378AE8}.Shipping|Win64.ActiveCfg = Development|Any CPU
		{95117383-9A37-3B70-933A-3B7023378AE8}.Shipping|Win64.Build.0 = Development|Any CPU
		{B8836B46-B0A6-348E-A3CE-E21BEAD0A261}.DebugGame Editor|Win64.ActiveCfg = Development|Any CPU
		{B8836B46-B0A6-348E-A3CE-E21BEAD0A261}.DebugGame Editor|Win64.Build.0 = Development|Any CPU
		{B8836B46-B0A6-348E-A3CE-E21BEAD0A261}.DebugGame|Win64.ActiveCfg = Development|Any CPU
		{B8836B46-B0A6-348E-A3CE-E21BEAD0A261}.DebugGame|Win64.Build.0 = Development|Any CPU
		{B8836B46-B0A6-348E-A3CE-E21BEAD0A261}.Development Editor|Win64.ActiveCfg = Development|Any CPU
		{B8836B46-B0A6-348E-A3CE-E21BEAD0A261}.Development Editor|Win64.Build.0 = Development|Any CPU
		{B8836B46-B0A6-348E-A3CE-E21BEAD0A261}.Development|Win64.ActiveCfg = Development|Any CPU
		{B8836B46-B0A6-348E-A3CE-E21BEAD0A261}.Development|Win64.Build.0 = Development|Any CPU
		{B8836B46-B0A6-348E-A3CE-E21BEAD0A261}.Shipping|Win64.ActiveCfg = Development|Any CPU
		{B8836B46-B0A6-348E-A3CE-E21BEAD0A261}.Shipping|Win64.Build.0 = Development|Any CPU
		{AAF00307-156F-3AE7-9A36-D273BE34C30F}.DebugGame Editor|Win64.ActiveCfg = Development|Any CPU
		{AAF00307-156F-3AE7-9A36-D273BE34C30F}.DebugGame Editor|Win64.Build.0 = Development|Any CPU
		{AAF00307-156F-3AE7-9A36-D273BE34C30F}.DebugGame|Win64.ActiveCfg = Development|Any CPU
		{AAF00307-156F-3AE7-9A36-D273BE34C30F}.DebugGame|Win64.Build.0 = Development|Any CPU
		{AAF00307-156F-3AE7-9A36-D273BE34C30F}.Development Editor|Win64.ActiveCfg = Development|Any CPU
		{AAF00307-156F-3AE7-9A36-D273BE34C30F}.Development Editor|Win64.Build.0 = Development|Any CPU
		{AAF00307-156F-3AE7-9A36-D273BE34C30F}.Development|Win64.ActiveCfg = Development|Any CPU
		{AAF00307-156F-3AE7-9A36-D273BE34C30F}.Development|Win64.Build.0 = Development|Any CPU
		{AAF00307-156F-3AE7-9A36-D273BE34C30F}.Shipping|Win64.ActiveCfg = Development|Any CPU
		{AAF00307-156F-3AE7-9A36-D273BE34C30F}.Shipping|Win64.Build.0 = Development|Any CPU
		{39F38B25-80D3-3DA6-B5F8-A2DE224B412A}.DebugGame Editor|Win64.ActiveCfg = Development|Any CPU
		{39F38B25-80D3-3DA6-B5F8-A2DE224B412A}.DebugGame Editor|Win64.Build.0 = Development|Any CPU
		{39F38B25-80D3-3DA6-B5F8-A2DE224B412A}.DebugGame|Win64.ActiveCfg = Development|Any CPU
		{39F38B25-80D3-3DA6-B5F8-A2DE224B412A}.DebugGame|Win64.Build.0 = Development|Any CPU
		{39F38B25-80D3-3DA6-B5F8-A2DE224B412A}.Development Editor|Win64.ActiveCfg = Development|Any CPU
		{39F38B25-80D3-3DA6-B5F8-A2DE224B412A}.Development Editor|Win64.Build.0 = Development|Any CPU
		{39F38B25-80D3-3DA6-B5F8-A2DE224B412A}.Development|Win64.ActiveCfg = Development|Any CPU
		{39F38B25-80D3-3DA6-B5F8-A2DE224B412A}.Development|Win64.Build.0 = Development|Any CPU
		{39F38B25-80D3-3DA6-B5F8-A2DE224B412A}.Shipping|Win64.ActiveCfg = Development|Any CPU
		{39F38B25-80D3-3DA6-B5F8-A2DE224B412A}.Shipping|Win64.Build.0 = Development|Any CPU
		{B3D5080B-7611-3D75-8726-AA58BAAC480F}.DebugGame Editor|Win64.ActiveCfg = Development|Any CPU
		{B3D5080B-7611-3D75-8726-AA58BAAC480F}.DebugGame Editor|Win64.Build.0 = Development|Any CPU
		{B3D5080B-7611-3D75-8726-AA58BAAC480F}.DebugGame|Win64.ActiveCfg = Development|Any CPU
		{B3D5080B-7611-3D75-8726-AA58BAAC480F}.DebugGame|Win64.Build.0 = Development|Any CPU
		{B3D5080B-7611-3D75-8726-AA58BAAC480F}.Development Editor|Win64.ActiveCfg = Development|Any CPU
		{B3D5080B-7611-3D75-8726-AA58BAAC480F}.Development Editor|Win64.Build.0 = Development|Any CPU
		{B3D5080B-7611-3D75-8726-AA58BAAC480F}.Development|Win64.ActiveCfg = Development|Any CPU
		{B3D5080B-7611-3D75-8726-AA58BAAC480F}.Development|Win64.Build.0 = Development|Any CPU
		{B3D5080B-7611-3D75-8726-AA58BAAC480F}.Shipping|Win64.ActiveCfg = Development|Any CPU
		{B3D5080B-7611-3D75-8726-AA58BAAC480F}.Shipping|Win64.Build.0 = Development|Any CPU
	EndGlobalSection
	GlobalSection(SolutionProperties) = preSolution
		HideSolutionNode = FALSE
	EndGlobalSection
	GlobalSection(NestedProjects) = preSolution
		{E5D0C739-CD64-3882-8939-3D862194A8C3} = {233774A8-CC9D-3FA9-86D1-90573E92B704}
		{2C9C7FC0-CBAD-321F-B705-2FFCA31E4CCD} = {DE1F8B53-6C02-3C13-9101-A7C8D96F3FF6}
		{49FCA5DC-5954-3F1A-A654-EA8F13171D50} = {A338B9E2-A559-34BE-A46D-F789DD488FAD}
		{452B09CA-B258-33F1-A267-2448B21C959A} = {A338B9E2-A559-34BE-A46D-F789DD488FAD}
		{0BFBE63A-B98A-3411-8EEB-8918FEC737B3} = {A338B9E2-A559-34BE-A46D-F789DD488FAD}
		{7B5CFB44-F0FB-31DF-AE62-C3C096A29A7B} = {A338B9E2-A559-34BE-A46D-F789DD488FAD}
		{57713676-9DBE-331C-AD10-26632AC9EE0C} = {A338B9E2-A559-34BE-A46D-F789DD488FAD}
		{2AA10BE0-5423-3714-ADB7-0B3FE0678971} = {0BFBE63A-B98A-3411-8EEB-8918FEC737B3}
		{9AFBF415-6CC6-35C1-A1A3-AA71BE4646CD} = {0BFBE63A-B98A-3411-8EEB-8918FEC737B3}
		{C2563430-E13F-3644-9272-4A7AF57D9137} = {0BFBE63A-B98A-3411-8EEB-8918FEC737B3}
		{7235582D-CD31-37D8-B7B1-87E213956335} = {0BFBE63A-B98A-3411-8EEB-8918FEC737B3}
		{0BA28ED5-01D6-3DFF-AFA2-156B81E28017} = {0BFBE63A-B98A-3411-8EEB-8918FEC737B3}
		{56DD4D50-40EC-3122-A21E-9FAC542DB77A} = {0BFBE63A-B98A-3411-8EEB-8918FEC737B3}
		{3416CD44-BA33-36F1-BE64-06040ABC1AA6} = {0BFBE63A-B98A-3411-8EEB-8918FEC737B3}
		{CB5DED66-DB5F-3BBB-99EA-9317DD6530D1} = {0BFBE63A-B98A-3411-8EEB-8918FEC737B3}
		{3753612C-2A8D-3C9F-BFB3-CFC697D32258} = {0BFBE63A-B98A-3411-8EEB-8918FEC737B3}
		{27AF9E4B-1E07-3AE2-9F02-1834360C4D08} = {0BFBE63A-B98A-3411-8EEB-8918FEC737B3}
		{14974064-87D4-3227-B02B-0C644B639AD0} = {0BFBE63A-B98A-3411-8EEB-8918FEC737B3}
		{2DD0950A-8955-34B9-B205-A7AE45128A33} = {0BFBE63A-B98A-3411-8EEB-8918FEC737B3}
		{69825DF3-70BA-36D2-8AAE-EDD7328B080A} = {0BFBE63A-B98A-3411-8EEB-8918FEC737B3}
		{391AFA6D-576F-3760-ADD4-B358EFF8BB33} = {0BFBE63A-B98A-3411-8EEB-8918FEC737B3}
		{C08BBDB7-1BEB-347E-A88D-AD134D211B50} = {0BFBE63A-B98A-3411-8EEB-8918FEC737B3}
		{6D09FB0F-9570-3208-978D-2BD1AEDE08D2} = {0BFBE63A-B98A-3411-8EEB-8918FEC737B3}
		{BB6CCA2B-C23F-3BFD-B5EE-8C8BD01653D6} = {0BFBE63A-B98A-3411-8EEB-8918FEC737B3}
		{712EA91C-F373-35CA-9663-6CB2D7F4D683} = {0BFBE63A-B98A-3411-8EEB-8918FEC737B3}
		{29942DE1-3571-3FAD-AA59-6208CC6B2550} = {0BFBE63A-B98A-3411-8EEB-8918FEC737B3}
		{57A793C1-DF39-310F-8B17-D2130AC0D2AB} = {0BFBE63A-B98A-3411-8EEB-8918FEC737B3}
		{CD556EF4-8DCA-3C83-AD20-021935535838} = {7B5CFB44-F0FB-31DF-AE62-C3C096A29A7B}
		{1DCC1060-B8E7-3CB4-9265-266E951A60D0} = {57713676-9DBE-331C-AD10-26632AC9EE0C}
		{D0ACD13D-230B-37D0-A344-BC6E10625DC5} = {57713676-9DBE-331C-AD10-26632AC9EE0C}
		{A7906ED5-F90C-3B8A-8246-1E7405138165} = {57713676-9DBE-331C-AD10-26632AC9EE0C}
		{77C993B2-40D7-3F78-B892-55CAB0B9BA8D} = {57713676-9DBE-331C-AD10-26632AC9EE0C}
		{68D35159-F61A-3A3E-BED1-8829E2EA11E7} = {57713676-9DBE-331C-AD10-26632AC9EE0C}
		{17D95289-1743-3B9E-9045-3F2F9E00278C} = {57713676-9DBE-331C-AD10-26632AC9EE0C}
		{04C2B4E2-0947-3036-8FA7-436C877CE958} = {57713676-9DBE-331C-AD10-26632AC9EE0C}
		{4EF88D03-12BE-3B95-90C2-0130A6AF1259} = {57713676-9DBE-331C-AD10-26632AC9EE0C}
		{4518E14B-AE2C-3CBD-ADC9-18025567B9F3} = {57713676-9DBE-331C-AD10-26632AC9EE0C}
		{000B7A84-78C7-35C9-B377-C185AA471A31} = {57713676-9DBE-331C-AD10-26632AC9EE0C}
		{A065525D-5C9F-30B2-B0DF-6572177B8F93} = {57713676-9DBE-331C-AD10-26632AC9EE0C}
		{A163730D-0CF2-3076-96E7-08011EE00FEE} = {57713676-9DBE-331C-AD10-26632AC9EE0C}
		{E67814E3-697B-3D25-A438-02B4599FA7F9} = {57713676-9DBE-331C-AD10-26632AC9EE0C}
		{5B6E3B3F-17E9-3480-82B2-8837230C602C} = {57713676-9DBE-331C-AD10-26632AC9EE0C}
		{CF3972BA-583A-3131-8998-41924F261397} = {57713676-9DBE-331C-AD10-26632AC9EE0C}
		{B8EA73CC-5469-3C5A-B162-AA9A15AD1322} = {57713676-9DBE-331C-AD10-26632AC9EE0C}
		{0A4FF6B8-0264-385D-A508-3FB4217660AE} = {57713676-9DBE-331C-AD10-26632AC9EE0C}
		{CAA52873-DEF8-381B-A9A9-508A951363DA} = {57713676-9DBE-331C-AD10-26632AC9EE0C}
		{95117383-9A37-3B70-933A-3B7023378AE8} = {57713676-9DBE-331C-AD10-26632AC9EE0C}
		{B8836B46-B0A6-348E-A3CE-E21BEAD0A261} = {57713676-9DBE-331C-AD10-26632AC9EE0C}
		{AAF00307-156F-3AE7-9A36-D273BE34C30F} = {C2F57ECE-B26F-39D8-BDA7-C1D40BD8F180}
		{39F38B25-80D3-3DA6-B5F8-A2DE224B412A} = {C2F57ECE-B26F-39D8-BDA7-C1D40BD8F180}
		{B3D5080B-7611-3D75-8726-AA58BAAC480F} = {C2F57ECE-B26F-39D8-BDA7-C1D40BD8F180}
	EndGlobalSection
EndGlobal
